
Microsoft Visual Studio Solution File, Format Version 12.00
# Visual Studio Version 17
VisualStudioVersion = 17.9.34622.214
MinimumVisualStudioVersion = 10.0.40219.1
Project("{9A19103F-16F7-4668-BE54-9A1E7A4F7556}") = "CarShopWpf", "CarShopWpf.csproj", "{9F613A00-3A51-4A4B-8FB8-2E44792BA859}"
EndProject
Global
	GlobalSection(SolutionConfigurationPlatforms) = preSolution
		Debug|Any CPU = Debug|Any CPU
		Release|Any CPU = Release|Any CPU
	EndGlobalSection
	GlobalSection(ProjectConfigurationPlatforms) = postSolution
		{9F613A00-3A51-4A4B-8FB8-2E44792BA859}.Debug|Any CPU.ActiveCfg = Debug|Any CPU
		{9F613A00-3A51-4A4B-8FB8-2E44792BA859}.Debug|Any CPU.Build.0 = Debug|Any CPU
		{9F613A00-3A51-4A4B-8FB8-2E44792BA859}.Release|Any CPU.ActiveCfg = Release|Any CPU
		{9F613A00-3A51-4A4B-8FB8-2E44792BA859}.Release|Any CPU.Build.0 = Release|Any CPU
	EndGlobalSection
	GlobalSection(SolutionProperties) = preSolution
		HideSolutionNode = FALSE
	EndGlobalSection
	GlobalSection(ExtensibilityGlobals) = postSolution
		SolutionGuid = {E4530985-6753-43B5-A0F0-57661B0F34DF}
	EndGlobalSection
EndGlobal
